
Microsoft Visual Studio Solution File, Format Version 12.00
# Visual Studio Version 17
VisualStudioVersion = 17.0.31919.166
MinimumVisualStudioVersion = 10.0.40219.1
Project("{FAE04EC0-301F-11D3-BF4B-00C04F79EFBC}") = "ProjectReferencesDemo.Web", "ProjectReferencesDemo.Web\ProjectReferencesDemo.Web.csproj", "{C541E496-4A0F-4611-A91E-96B961D6DE2F}"
EndProject
Project("{FAE04EC0-301F-11D3-BF4B-00C04F79EFBC}") = "ProjectReferencesDemo.Desktop", "ProjectReferencesDemo.Desktop\ProjectReferencesDemo.Desktop.csproj", "{A25C89A1-CD1C-4CF9-9461-3AA36B0F7298}"
EndProject
Project("{FAE04EC0-301F-11D3-BF4B-00C04F79EFBC}") = "ProjectReferencesDemo.Services", "ProjectReferencesDemo.Services\ProjectReferencesDemo.Services.csproj", "{741EA19E-6E5D-4F37-943E-312C3D60E60A}"
EndProject
Global
	GlobalSection(SolutionConfigurationPlatforms) = preSolution
		Debug|Any CPU = Debug|Any CPU
		Release|Any CPU = Release|Any CPU
	EndGlobalSection
	GlobalSection(ProjectConfigurationPlatforms) = postSolution
		{C541E496-4A0F-4611-A91E-96B961D6DE2F}.Debug|Any CPU.ActiveCfg = Debug|Any CPU
		{C541E496-4A0F-4611-A91E-96B961D6DE2F}.Debug|Any CPU.Build.0 = Debug|Any CPU
		{C541E496-4A0F-4611-A91E-96B961D6DE2F}.Release|Any CPU.ActiveCfg = Release|Any CPU
		{C541E496-4A0F-4611-A91E-96B961D6DE2F}.Release|Any CPU.Build.0 = Release|Any CPU
		{A25C89A1-CD1C-4CF9-9461-3AA36B0F7298}.Debug|Any CPU.ActiveCfg = Debug|Any CPU
		{A25C89A1-CD1C-4CF9-9461-3AA36B0F7298}.Debug|Any CPU.Build.0 = Debug|Any CPU
		{A25C89A1-CD1C-4CF9-9461-3AA36B0F7298}.Release|Any CPU.ActiveCfg = Release|Any CPU
		{A25C89A1-CD1C-4CF9-9461-3AA36B0F7298}.Release|Any CPU.Build.0 = Release|Any CPU
		{741EA19E-6E5D-4F37-943E-312C3D60E60A}.Debug|Any CPU.ActiveCfg = Debug|Any CPU
		{741EA19E-6E5D-4F37-943E-312C3D60E60A}.Debug|Any CPU.Build.0 = Debug|Any CPU
		{741EA19E-6E5D-4F37-943E-312C3D60E60A}.Release|Any CPU.ActiveCfg = Release|Any CPU
		{741EA19E-6E5D-4F37-943E-312C3D60E60A}.Release|Any CPU.Build.0 = Release|Any CPU
	EndGlobalSection
	GlobalSection(SolutionProperties) = preSolution
		HideSolutionNode = FALSE
	EndGlobalSection
	GlobalSection(ExtensibilityGlobals) = postSolution
		SolutionGuid = {8769675A-019E-42AD-8C40-FF15557C7C13}
	EndGlobalSection
EndGlobal
